
Microsoft Visual Studio Solution File, Format Version 12.00
Project("{FAE04EC0-301F-11D3-BF4B-00C04F79EFBC}") = "BlazorTailwind", "BlazorTailwind.csproj", "{E3BF5F00-C6D7-425F-82DC-768A91E4DE41}"
EndProject
Global
	GlobalSection(SolutionConfigurationPlatforms) = preSolution
		Debug|Any CPU = Debug|Any CPU
		Release|Any CPU = Release|Any CPU
	EndGlobalSection
	GlobalSection(ProjectConfigurationPlatforms) = postSolution
		{E3BF5F00-C6D7-425F-82DC-768A91E4DE41}.Debug|Any CPU.ActiveCfg = Debug|Any CPU
		{E3BF5F00-C6D7-425F-82DC-768A91E4DE41}.Debug|Any CPU.Build.0 = Debug|Any CPU
		{E3BF5F00-C6D7-425F-82DC-768A91E4DE41}.Release|Any CPU.ActiveCfg = Release|Any CPU
		{E3BF5F00-C6D7-425F-82DC-768A91E4DE41}.Release|Any CPU.Build.0 = Release|Any CPU
	EndGlobalSection
EndGlobal
